
Microsoft Visual Studio Solution File, Format Version 12.00
# Visual Studio Version 17
VisualStudioVersion = 17.0.31912.275
MinimumVisualStudioVersion = 10.0.40219.1
Project("{FAE04EC0-301F-11D3-BF4B-00C04F79EFBC}") = "VipApartaments", "VipApartaments\VipApartaments.csproj", "{382A8CCD-084F-48AB-8DCE-47073423FB58}"
EndProject
Global
	GlobalSection(SolutionConfigurationPlatforms) = preSolution
		Debug|Any CPU = Debug|Any CPU
		Release|Any CPU = Release|Any CPU
	EndGlobalSection
	GlobalSection(ProjectConfigurationPlatforms) = postSolution
		{382A8CCD-084F-48AB-8DCE-47073423FB58}.Debug|Any CPU.ActiveCfg = Debug|Any CPU
		{382A8CCD-084F-48AB-8DCE-47073423FB58}.Debug|Any CPU.Build.0 = Debug|Any CPU
		{382A8CCD-084F-48AB-8DCE-47073423FB58}.Release|Any CPU.ActiveCfg = Release|Any CPU
		{382A8CCD-084F-48AB-8DCE-47073423FB58}.Release|Any CPU.Build.0 = Release|Any CPU
	EndGlobalSection
	GlobalSection(SolutionProperties) = preSolution
		HideSolutionNode = FALSE
	EndGlobalSection
	GlobalSection(ExtensibilityGlobals) = postSolution
		SolutionGuid = {10F784D8-324D-4E14-8D52-551F0EE781BF}
	EndGlobalSection
EndGlobal
